
Microsoft Visual Studio Solution File, Format Version 12.00
# Visual Studio 2012
Project("{FAE04EC0-301F-11D3-BF4B-00C04F79EFBC}") = "BasePlan.API.Server", "BasePlan.API.Server\BasePlan.API.Server.csproj", "{A9017312-C1B6-404C-AE9E-B5AF84D2FAE2}"
EndProject
Project("{FAE04EC0-301F-11D3-BF4B-00C04F79EFBC}") = "BasicAuthenticationHttpModule", "BasicAuthenticationHttpModule\BasicAuthenticationHttpModule.csproj", "{72FE3700-2323-46E0-8B3A-8EC588F4F5EC}"
EndProject
Global
	GlobalSection(SolutionConfigurationPlatforms) = preSolution
		Debug|Any CPU = Debug|Any CPU
		Release|Any CPU = Release|Any CPU
	EndGlobalSection
	GlobalSection(ProjectConfigurationPlatforms) = postSolution
		{A9017312-C1B6-404C-AE9E-B5AF84D2FAE2}.Debug|Any CPU.ActiveCfg = Debug|Any CPU
		{A9017312-C1B6-404C-AE9E-B5AF84D2FAE2}.Debug|Any CPU.Build.0 = Debug|Any CPU
		{A9017312-C1B6-404C-AE9E-B5AF84D2FAE2}.Release|Any CPU.ActiveCfg = Release|Any CPU
		{A9017312-C1B6-404C-AE9E-B5AF84D2FAE2}.Release|Any CPU.Build.0 = Release|Any CPU
		{72FE3700-2323-46E0-8B3A-8EC588F4F5EC}.Debug|Any CPU.ActiveCfg = Debug|Any CPU
		{72FE3700-2323-46E0-8B3A-8EC588F4F5EC}.Debug|Any CPU.Build.0 = Debug|Any CPU
		{72FE3700-2323-46E0-8B3A-8EC588F4F5EC}.Release|Any CPU.ActiveCfg = Release|Any CPU
		{72FE3700-2323-46E0-8B3A-8EC588F4F5EC}.Release|Any CPU.Build.0 = Release|Any CPU
	EndGlobalSection
	GlobalSection(SolutionProperties) = preSolution
		HideSolutionNode = FALSE
	EndGlobalSection
EndGlobal
